
Microsoft Visual Studio Solution File, Format Version 12.00
# Visual Studio Version 17
VisualStudioVersion = 17.9.34607.119
MinimumVisualStudioVersion = 10.0.40219.1
Project("{FAE04EC0-301F-11D3-BF4B-00C04F79EFBC}") = "SplitKaro", "SplitKaro\SplitKaro.csproj", "{830D611B-1025-4606-A448-E9C63A9E2432}"
EndProject
Global
	GlobalSection(SolutionConfigurationPlatforms) = preSolution
		Debug|Any CPU = Debug|Any CPU
		Release|Any CPU = Release|Any CPU
	EndGlobalSection
	GlobalSection(ProjectConfigurationPlatforms) = postSolution
		{830D611B-1025-4606-A448-E9C63A9E2432}.Debug|Any CPU.ActiveCfg = Debug|Any CPU
		{830D611B-1025-4606-A448-E9C63A9E2432}.Debug|Any CPU.Build.0 = Debug|Any CPU
		{830D611B-1025-4606-A448-E9C63A9E2432}.Release|Any CPU.ActiveCfg = Release|Any CPU
		{830D611B-1025-4606-A448-E9C63A9E2432}.Release|Any CPU.Build.0 = Release|Any CPU
	EndGlobalSection
	GlobalSection(SolutionProperties) = preSolution
		HideSolutionNode = FALSE
	EndGlobalSection
	GlobalSection(ExtensibilityGlobals) = postSolution
		SolutionGuid = {31C2EFB8-11AD-42E1-A66F-9C636547C5B8}
	EndGlobalSection
EndGlobal
